// !$*UTF8*$!
{
	archiveVersion = 1;
	classes = {
	};
	objectVersion = 50;
	objects = {

/* Begin PBXBuildFile section */
		FA1A821726500665003B89AB /* WishTableViewCell.swift in Sources */ = {isa = PBXBuildFile; fileRef = FA1A821526500665003B89AB /* WishTableViewCell.swift */; };
		FA1A821826500665003B89AB /* WishTableViewCell.xib in Resources */ = {isa = PBXBuildFile; fileRef = FA1A821626500665003B89AB /* WishTableViewCell.xib */; };
		FA1A821B26500C4E003B89AB /* Wish.swift in Sources */ = {isa = PBXBuildFile; fileRef = FA1A821A26500C4E003B89AB /* Wish.swift */; };
		FA1A822126502D3C003B89AB /* DetailUSageViewController.swift in Sources */ = {isa = PBXBuildFile; fileRef = FA1A821F26502D3C003B89AB /* DetailUSageViewController.swift */; };
		FA1A822226502D3C003B89AB /* DetailUSageViewController.xib in Resources */ = {isa = PBXBuildFile; fileRef = FA1A822026502D3C003B89AB /* DetailUSageViewController.xib */; };
		FA430E602650D3890084000F /* DetailWishViewController.swift in Sources */ = {isa = PBXBuildFile; fileRef = FA430E5E2650D3890084000F /* DetailWishViewController.swift */; };
		FA430E612650D3890084000F /* DetailWishViewController.xib in Resources */ = {isa = PBXBuildFile; fileRef = FA430E5F2650D3890084000F /* DetailWishViewController.xib */; };
		FA430E662650E14A0084000F /* WishViewController.swift in Sources */ = {isa = PBXBuildFile; fileRef = FA430E642650E14A0084000F /* WishViewController.swift */; };
		FA430E672650E14A0084000F /* WishViewController.xib in Resources */ = {isa = PBXBuildFile; fileRef = FA430E652650E14A0084000F /* WishViewController.xib */; };
		FA430E6B2650ECFE0084000F /* WishUtils.swift in Sources */ = {isa = PBXBuildFile; fileRef = FA430E6A2650ECFE0084000F /* WishUtils.swift */; };
		FA430E6E265163E40084000F /* UsageState.swift in Sources */ = {isa = PBXBuildFile; fileRef = FA430E6D265163E40084000F /* UsageState.swift */; };
		FA430E7126517F8B0084000F /* Profile.swift in Sources */ = {isa = PBXBuildFile; fileRef = FA430E7026517F8B0084000F /* Profile.swift */; };
		FA430E7D26519BA60084000F /* NameViewController.swift in Sources */ = {isa = PBXBuildFile; fileRef = FA430E7B26519BA60084000F /* NameViewController.swift */; };
		FA430E7E26519BA60084000F /* NameViewController.xib in Resources */ = {isa = PBXBuildFile; fileRef = FA430E7C26519BA60084000F /* NameViewController.xib */; };
		FA7320782652135600577013 /* EditUsageViewController.swift in Sources */ = {isa = PBXBuildFile; fileRef = FA7320762652135600577013 /* EditUsageViewController.swift */; };
		FA7320792652135600577013 /* EditUsageViewController.xib in Resources */ = {isa = PBXBuildFile; fileRef = FA7320772652135600577013 /* EditUsageViewController.xib */; };
		FA8314EC2651E0E6005005B5 /* Poppins-ExtraLight.ttf in Resources */ = {isa = PBXBuildFile; fileRef = FA8314D92651E0E6005005B5 /* Poppins-ExtraLight.ttf */; };
		FA8314ED2651E0E6005005B5 /* Poppins-ThinItalic.ttf in Resources */ = {isa = PBXBuildFile; fileRef = FA8314DA2651E0E6005005B5 /* Poppins-ThinItalic.ttf */; };
		FA8314EE2651E0E6005005B5 /* Poppins-ExtraLightItalic.ttf in Resources */ = {isa = PBXBuildFile; fileRef = FA8314DB2651E0E6005005B5 /* Poppins-ExtraLightItalic.ttf */; };
		FA8314EF2651E0E6005005B5 /* Poppins-BoldItalic.ttf in Resources */ = {isa = PBXBuildFile; fileRef = FA8314DC2651E0E6005005B5 /* Poppins-BoldItalic.ttf */; };
		FA8314F02651E0E6005005B5 /* Poppins-Light.ttf in Resources */ = {isa = PBXBuildFile; fileRef = FA8314DD2651E0E6005005B5 /* Poppins-Light.ttf */; };
		FA8314F12651E0E6005005B5 /* Poppins-Medium.ttf in Resources */ = {isa = PBXBuildFile; fileRef = FA8314DE2651E0E6005005B5 /* Poppins-Medium.ttf */; };
		FA8314F22651E0E6005005B5 /* Poppins-SemiBoldItalic.ttf in Resources */ = {isa = PBXBuildFile; fileRef = FA8314DF2651E0E6005005B5 /* Poppins-SemiBoldItalic.ttf */; };
		FA8314F32651E0E6005005B5 /* Poppins-ExtraBoldItalic.ttf in Resources */ = {isa = PBXBuildFile; fileRef = FA8314E02651E0E6005005B5 /* Poppins-ExtraBoldItalic.ttf */; };
		FA8314F42651E0E6005005B5 /* Poppins-ExtraBold.ttf in Resources */ = {isa = PBXBuildFile; fileRef = FA8314E12651E0E6005005B5 /* Poppins-ExtraBold.ttf */; };
		FA8314F52651E0E6005005B5 /* Poppins-BlackItalic.ttf in Resources */ = {isa = PBXBuildFile; fileRef = FA8314E22651E0E6005005B5 /* Poppins-BlackItalic.ttf */; };
		FA8314F62651E0E6005005B5 /* OFL.txt in Resources */ = {isa = PBXBuildFile; fileRef = FA8314E32651E0E6005005B5 /* OFL.txt */; };
		FA8314F72651E0E6005005B5 /* Poppins-Regular.ttf in Resources */ = {isa = PBXBuildFile; fileRef = FA8314E42651E0E6005005B5 /* Poppins-Regular.ttf */; };
		FA8314F82651E0E6005005B5 /* Poppins-LightItalic.ttf in Resources */ = {isa = PBXBuildFile; fileRef = FA8314E52651E0E6005005B5 /* Poppins-LightItalic.ttf */; };
		FA8314F92651E0E6005005B5 /* Poppins-Bold.ttf in Resources */ = {isa = PBXBuildFile; fileRef = FA8314E62651E0E6005005B5 /* Poppins-Bold.ttf */; };
		FA8314FA2651E0E6005005B5 /* Poppins-Black.ttf in Resources */ = {isa = PBXBuildFile; fileRef = FA8314E72651E0E6005005B5 /* Poppins-Black.ttf */; };
		FA8314FB2651E0E6005005B5 /* Poppins-Thin.ttf in Resources */ = {isa = PBXBuildFile; fileRef = FA8314E82651E0E6005005B5 /* Poppins-Thin.ttf */; };
		FA8314FC2651E0E6005005B5 /* Poppins-SemiBold.ttf in Resources */ = {isa = PBXBuildFile; fileRef = FA8314E92651E0E6005005B5 /* Poppins-SemiBold.ttf */; };
		FA8314FD2651E0E6005005B5 /* Poppins-Italic.ttf in Resources */ = {isa = PBXBuildFile; fileRef = FA8314EA2651E0E6005005B5 /* Poppins-Italic.ttf */; };
		FA8314FE2651E0E6005005B5 /* Poppins-MediumItalic.ttf in Resources */ = {isa = PBXBuildFile; fileRef = FA8314EB2651E0E6005005B5 /* Poppins-MediumItalic.ttf */; };
		FAB2D41D264FA3E200ADD322 /* TableViewCell.swift in Sources */ = {isa = PBXBuildFile; fileRef = FAB2D41B264FA3E200ADD322 /* TableViewCell.swift */; };
		FAB2D41E264FA3E200ADD322 /* TableViewCell.xib in Resources */ = {isa = PBXBuildFile; fileRef = FAB2D41C264FA3E200ADD322 /* TableViewCell.xib */; };
		FAB2D422264FAF8200ADD322 /* Usage.swift in Sources */ = {isa = PBXBuildFile; fileRef = FAB2D421264FAF8200ADD322 /* Usage.swift */; };
		FAD2F54A264D8DF6008BABF6 /* AppDelegate.swift in Sources */ = {isa = PBXBuildFile; fileRef = FAD2F549264D8DF6008BABF6 /* AppDelegate.swift */; };
		FAD2F54C264D8DF6008BABF6 /* SceneDelegate.swift in Sources */ = {isa = PBXBuildFile; fileRef = FAD2F54B264D8DF6008BABF6 /* SceneDelegate.swift */; };
		FAD2F54E264D8DF6008BABF6 /* ViewController.swift in Sources */ = {isa = PBXBuildFile; fileRef = FAD2F54D264D8DF6008BABF6 /* ViewController.swift */; };
		FAD2F551264D8DF6008BABF6 /* Main.storyboard in Resources */ = {isa = PBXBuildFile; fileRef = FAD2F54F264D8DF6008BABF6 /* Main.storyboard */; };
		FAD2F553264D8DF7008BABF6 /* Assets.xcassets in Resources */ = {isa = PBXBuildFile; fileRef = FAD2F552264D8DF7008BABF6 /* Assets.xcassets */; };
		FAD2F556264D8DF7008BABF6 /* LaunchScreen.storyboard in Resources */ = {isa = PBXBuildFile; fileRef = FAD2F554264D8DF7008BABF6 /* LaunchScreen.storyboard */; };
		FAD2F568264D8F84008BABF6 /* MainTabViewController.swift in Sources */ = {isa = PBXBuildFile; fileRef = FAD2F566264D8F84008BABF6 /* MainTabViewController.swift */; };
		FAD2F569264D8F84008BABF6 /* MainTabViewController.xib in Resources */ = {isa = PBXBuildFile; fileRef = FAD2F567264D8F84008BABF6 /* MainTabViewController.xib */; };
		FAD2F56F264D9071008BABF6 /* HomeViewController.swift in Sources */ = {isa = PBXBuildFile; fileRef = FAD2F56D264D9071008BABF6 /* HomeViewController.swift */; };
		FAD2F570264D9071008BABF6 /* HomeViewController.xib in Resources */ = {isa = PBXBuildFile; fileRef = FAD2F56E264D9071008BABF6 /* HomeViewController.xib */; };
		FAD2F57B264D9154008BABF6 /* ProfileViewController.swift in Sources */ = {isa = PBXBuildFile; fileRef = FAD2F579264D9154008BABF6 /* ProfileViewController.swift */; };
		FAD2F57C264D9154008BABF6 /* ProfileViewController.xib in Resources */ = {isa = PBXBuildFile; fileRef = FAD2F57A264D9154008BABF6 /* ProfileViewController.xib */; };
		FAD2F580264D9169008BABF6 /* DreamsViewController.swift in Sources */ = {isa = PBXBuildFile; fileRef = FAD2F57E264D9169008BABF6 /* DreamsViewController.swift */; };
		FAD2F581264D9169008BABF6 /* DreamsViewController.xib in Resources */ = {isa = PBXBuildFile; fileRef = FAD2F57F264D9169008BABF6 /* DreamsViewController.xib */; };
		FAEA0C06264EA0D500F2C775 /* TaskViewController.swift in Sources */ = {isa = PBXBuildFile; fileRef = FAEA0C04264EA0D500F2C775 /* TaskViewController.swift */; };
		FAEA0C07264EA0D500F2C775 /* TaskViewController.xib in Resources */ = {isa = PBXBuildFile; fileRef = FAEA0C05264EA0D500F2C775 /* TaskViewController.xib */; };
/* End PBXBuildFile section */

/* Begin PBXFileReference section */
		FA1A821526500665003B89AB /* WishTableViewCell.swift */ = {isa = PBXFileReference; lastKnownFileType = sourcecode.swift; path = WishTableViewCell.swift; sourceTree = "<group>"; };
		FA1A821626500665003B89AB /* WishTableViewCell.xib */ = {isa = PBXFileReference; lastKnownFileType = file.xib; path = WishTableViewCell.xib; sourceTree = "<group>"; };
		FA1A821A26500C4E003B89AB /* Wish.swift */ = {isa = PBXFileReference; lastKnownFileType = sourcecode.swift; path = Wish.swift; sourceTree = "<group>"; };
		FA1A821F26502D3C003B89AB /* DetailUSageViewController.swift */ = {isa = PBXFileReference; lastKnownFileType = sourcecode.swift; path = DetailUSageViewController.swift; sourceTree = "<group>"; };
		FA1A822026502D3C003B89AB /* DetailUSageViewController.xib */ = {isa = PBXFileReference; lastKnownFileType = file.xib; path = DetailUSageViewController.xib; sourceTree = "<group>"; };
		FA430E5E2650D3890084000F /* DetailWishViewController.swift */ = {isa = PBXFileReference; lastKnownFileType = sourcecode.swift; path = DetailWishViewController.swift; sourceTree = "<group>"; };
		FA430E5F2650D3890084000F /* DetailWishViewController.xib */ = {isa = PBXFileReference; lastKnownFileType = file.xib; path = DetailWishViewController.xib; sourceTree = "<group>"; };
		FA430E642650E14A0084000F /* WishViewController.swift */ = {isa = PBXFileReference; lastKnownFileType = sourcecode.swift; path = WishViewController.swift; sourceTree = "<group>"; };
		FA430E652650E14A0084000F /* WishViewController.xib */ = {isa = PBXFileReference; lastKnownFileType = file.xib; path = WishViewController.xib; sourceTree = "<group>"; };
		FA430E6A2650ECFE0084000F /* WishUtils.swift */ = {isa = PBXFileReference; lastKnownFileType = sourcecode.swift; path = WishUtils.swift; sourceTree = "<group>"; };
		FA430E6D265163E40084000F /* UsageState.swift */ = {isa = PBXFileReference; lastKnownFileType = sourcecode.swift; path = UsageState.swift; sourceTree = "<group>"; };
		FA430E7026517F8B0084000F /* Profile.swift */ = {isa = PBXFileReference; lastKnownFileType = sourcecode.swift; path = Profile.swift; sourceTree = "<group>"; };
		FA430E7B26519BA60084000F /* NameViewController.swift */ = {isa = PBXFileReference; lastKnownFileType = sourcecode.swift; path = NameViewController.swift; sourceTree = "<group>"; };
		FA430E7C26519BA60084000F /* NameViewController.xib */ = {isa = PBXFileReference; lastKnownFileType = file.xib; path = NameViewController.xib; sourceTree = "<group>"; };
		FA7320762652135600577013 /* EditUsageViewController.swift */ = {isa = PBXFileReference; lastKnownFileType = sourcecode.swift; path = EditUsageViewController.swift; sourceTree = "<group>"; };
		FA7320772652135600577013 /* EditUsageViewController.xib */ = {isa = PBXFileReference; lastKnownFileType = file.xib; path = EditUsageViewController.xib; sourceTree = "<group>"; };
		FA8314D92651E0E6005005B5 /* Poppins-ExtraLight.ttf */ = {isa = PBXFileReference; lastKnownFileType = file; path = "Poppins-ExtraLight.ttf"; sourceTree = "<group>"; };
		FA8314DA2651E0E6005005B5 /* Poppins-ThinItalic.ttf */ = {isa = PBXFileReference; lastKnownFileType = file; path = "Poppins-ThinItalic.ttf"; sourceTree = "<group>"; };
		FA8314DB2651E0E6005005B5 /* Poppins-ExtraLightItalic.ttf */ = {isa = PBXFileReference; lastKnownFileType = file; path = "Poppins-ExtraLightItalic.ttf"; sourceTree = "<group>"; };
		FA8314DC2651E0E6005005B5 /* Poppins-BoldItalic.ttf */ = {isa = PBXFileReference; lastKnownFileType = file; path = "Poppins-BoldItalic.ttf"; sourceTree = "<group>"; };
		FA8314DD2651E0E6005005B5 /* Poppins-Light.ttf */ = {isa = PBXFileReference; lastKnownFileType = file; path = "Poppins-Light.ttf"; sourceTree = "<group>"; };
		FA8314DE2651E0E6005005B5 /* Poppins-Medium.ttf */ = {isa = PBXFileReference; lastKnownFileType = file; path = "Poppins-Medium.ttf"; sourceTree = "<group>"; };
		FA8314DF2651E0E6005005B5 /* Poppins-SemiBoldItalic.ttf */ = {isa = PBXFileReference; lastKnownFileType = file; path = "Poppins-SemiBoldItalic.ttf"; sourceTree = "<group>"; };
		FA8314E02651E0E6005005B5 /* Poppins-ExtraBoldItalic.ttf */ = {isa = PBXFileReference; lastKnownFileType = file; path = "Poppins-ExtraBoldItalic.ttf"; sourceTree = "<group>"; };
		FA8314E12651E0E6005005B5 /* Poppins-ExtraBold.ttf */ = {isa = PBXFileReference; lastKnownFileType = file; path = "Poppins-ExtraBold.ttf"; sourceTree = "<group>"; };
		FA8314E22651E0E6005005B5 /* Poppins-BlackItalic.ttf */ = {isa = PBXFileReference; lastKnownFileType = file; path = "Poppins-BlackItalic.ttf"; sourceTree = "<group>"; };
		FA8314E32651E0E6005005B5 /* OFL.txt */ = {isa = PBXFileReference; fileEncoding = 4; lastKnownFileType = text; path = OFL.txt; sourceTree = "<group>"; };
		FA8314E42651E0E6005005B5 /* Poppins-Regular.ttf */ = {isa = PBXFileReference; lastKnownFileType = file; path = "Poppins-Regular.ttf"; sourceTree = "<group>"; };
		FA8314E52651E0E6005005B5 /* Poppins-LightItalic.ttf */ = {isa = PBXFileReference; lastKnownFileType = file; path = "Poppins-LightItalic.ttf"; sourceTree = "<group>"; };
		FA8314E62651E0E6005005B5 /* Poppins-Bold.ttf */ = {isa = PBXFileReference; lastKnownFileType = file; path = "Poppins-Bold.ttf"; sourceTree = "<group>"; };
		FA8314E72651E0E6005005B5 /* Poppins-Black.ttf */ = {isa = PBXFileReference; lastKnownFileType = file; path = "Poppins-Black.ttf"; sourceTree = "<group>"; };
		FA8314E82651E0E6005005B5 /* Poppins-Thin.ttf */ = {isa = PBXFileReference; lastKnownFileType = file; path = "Poppins-Thin.ttf"; sourceTree = "<group>"; };
		FA8314E92651E0E6005005B5 /* Poppins-SemiBold.ttf */ = {isa = PBXFileReference; lastKnownFileType = file; path = "Poppins-SemiBold.ttf"; sourceTree = "<group>"; };
		FA8314EA2651E0E6005005B5 /* Poppins-Italic.ttf */ = {isa = PBXFileReference; lastKnownFileType = file; path = "Poppins-Italic.ttf"; sourceTree = "<group>"; };
		FA8314EB2651E0E6005005B5 /* Poppins-MediumItalic.ttf */ = {isa = PBXFileReference; lastKnownFileType = file; path = "Poppins-MediumItalic.ttf"; sourceTree = "<group>"; };
		FAB2D41B264FA3E200ADD322 /* TableViewCell.swift */ = {isa = PBXFileReference; lastKnownFileType = sourcecode.swift; path = TableViewCell.swift; sourceTree = "<group>"; };
		FAB2D41C264FA3E200ADD322 /* TableViewCell.xib */ = {isa = PBXFileReference; lastKnownFileType = file.xib; path = TableViewCell.xib; sourceTree = "<group>"; };
		FAB2D421264FAF8200ADD322 /* Usage.swift */ = {isa = PBXFileReference; lastKnownFileType = sourcecode.swift; path = Usage.swift; sourceTree = "<group>"; };
		FAD2F546264D8DF6008BABF6 /* MyMoone - Money Saver.app */ = {isa = PBXFileReference; explicitFileType = wrapper.application; includeInIndex = 0; path = "MyMoone - Money Saver.app"; sourceTree = BUILT_PRODUCTS_DIR; };
		FAD2F549264D8DF6008BABF6 /* AppDelegate.swift */ = {isa = PBXFileReference; lastKnownFileType = sourcecode.swift; path = AppDelegate.swift; sourceTree = "<group>"; };
		FAD2F54B264D8DF6008BABF6 /* SceneDelegate.swift */ = {isa = PBXFileReference; lastKnownFileType = sourcecode.swift; path = SceneDelegate.swift; sourceTree = "<group>"; };
		FAD2F54D264D8DF6008BABF6 /* ViewController.swift */ = {isa = PBXFileReference; lastKnownFileType = sourcecode.swift; path = ViewController.swift; sourceTree = "<group>"; };
		FAD2F550264D8DF6008BABF6 /* Base */ = {isa = PBXFileReference; lastKnownFileType = file.storyboard; name = Base; path = Base.lproj/Main.storyboard; sourceTree = "<group>"; };
		FAD2F552264D8DF7008BABF6 /* Assets.xcassets */ = {isa = PBXFileReference; lastKnownFileType = folder.assetcatalog; path = Assets.xcassets; sourceTree = "<group>"; };
		FAD2F555264D8DF7008BABF6 /* Base */ = {isa = PBXFileReference; lastKnownFileType = file.storyboard; name = Base; path = Base.lproj/LaunchScreen.storyboard; sourceTree = "<group>"; };
		FAD2F557264D8DF7008BABF6 /* Info.plist */ = {isa = PBXFileReference; lastKnownFileType = text.plist.xml; path = Info.plist; sourceTree = "<group>"; };
		FAD2F566264D8F84008BABF6 /* MainTabViewController.swift */ = {isa = PBXFileReference; lastKnownFileType = sourcecode.swift; path = MainTabViewController.swift; sourceTree = "<group>"; };
		FAD2F567264D8F84008BABF6 /* MainTabViewController.xib */ = {isa = PBXFileReference; lastKnownFileType = file.xib; path = MainTabViewController.xib; sourceTree = "<group>"; };
		FAD2F56D264D9071008BABF6 /* HomeViewController.swift */ = {isa = PBXFileReference; lastKnownFileType = sourcecode.swift; path = HomeViewController.swift; sourceTree = "<group>"; };
		FAD2F56E264D9071008BABF6 /* HomeViewController.xib */ = {isa = PBXFileReference; lastKnownFileType = file.xib; path = HomeViewController.xib; sourceTree = "<group>"; };
		FAD2F579264D9154008BABF6 /* ProfileViewController.swift */ = {isa = PBXFileReference; lastKnownFileType = sourcecode.swift; path = ProfileViewController.swift; sourceTree = "<group>"; };
		FAD2F57A264D9154008BABF6 /* ProfileViewController.xib */ = {isa = PBXFileReference; lastKnownFileType = file.xib; path = ProfileViewController.xib; sourceTree = "<group>"; };
		FAD2F57E264D9169008BABF6 /* DreamsViewController.swift */ = {isa = PBXFileReference; lastKnownFileType = sourcecode.swift; path = DreamsViewController.swift; sourceTree = "<group>"; };
		FAD2F57F264D9169008BABF6 /* DreamsViewController.xib */ = {isa = PBXFileReference; lastKnownFileType = file.xib; path = DreamsViewController.xib; sourceTree = "<group>"; };
		FAEA0C04264EA0D500F2C775 /* TaskViewController.swift */ = {isa = PBXFileReference; lastKnownFileType = sourcecode.swift; path = TaskViewController.swift; sourceTree = "<group>"; };
		FAEA0C05264EA0D500F2C775 /* TaskViewController.xib */ = {isa = PBXFileReference; lastKnownFileType = file.xib; path = TaskViewController.xib; sourceTree = "<group>"; };
/* End PBXFileReference section */

/* Begin PBXFrameworksBuildPhase section */
		FAD2F543264D8DF6008BABF6 /* Frameworks */ = {
			isa = PBXFrameworksBuildPhase;
			buildActionMask = 2147483647;
			files = (
			);
			runOnlyForDeploymentPostprocessing = 0;
		};
/* End PBXFrameworksBuildPhase section */

/* Begin PBXGroup section */
		FA1A821326500633003B89AB /* Wish */ = {
			isa = PBXGroup;
			children = (
				FA1A821526500665003B89AB /* WishTableViewCell.swift */,
				FA1A821626500665003B89AB /* WishTableViewCell.xib */,
			);
			path = Wish;
			sourceTree = "<group>";
		};
		FA1A821D26502CDA003B89AB /* DetailUsage */ = {
			isa = PBXGroup;
			children = (
				FA1A821F26502D3C003B89AB /* DetailUSageViewController.swift */,
				FA1A822026502D3C003B89AB /* DetailUSageViewController.xib */,
			);
			path = DetailUsage;
			sourceTree = "<group>";
		};
		FA430E5D2650D36C0084000F /* DetailWish */ = {
			isa = PBXGroup;
			children = (
				FA430E5E2650D3890084000F /* DetailWishViewController.swift */,
				FA430E5F2650D3890084000F /* DetailWishViewController.xib */,
			);
			path = DetailWish;
			sourceTree = "<group>";
		};
		FA430E632650E1300084000F /* Wish */ = {
			isa = PBXGroup;
			children = (
				FA430E642650E14A0084000F /* WishViewController.swift */,
				FA430E652650E14A0084000F /* WishViewController.xib */,
			);
			path = Wish;
			sourceTree = "<group>";
		};
		FA430E692650ECE50084000F /* Utils */ = {
			isa = PBXGroup;
			children = (
				FA430E6A2650ECFE0084000F /* WishUtils.swift */,
				FA430E6D265163E40084000F /* UsageState.swift */,
			);
			path = Utils;
			sourceTree = "<group>";
		};
		FA430E73265183400084000F /* Profile */ = {
			isa = PBXGroup;
			children = (
				FA430E7B26519BA60084000F /* NameViewController.swift */,
				FA430E7C26519BA60084000F /* NameViewController.xib */,
			);
			path = Profile;
			sourceTree = "<group>";
		};
		FA7320752652132E00577013 /* EditUsage */ = {
			isa = PBXGroup;
			children = (
				FA7320762652135600577013 /* EditUsageViewController.swift */,
				FA7320772652135600577013 /* EditUsageViewController.xib */,
			);
			path = EditUsage;
			sourceTree = "<group>";
		};
		FA8314D82651E0E6005005B5 /* Fonts */ = {
			isa = PBXGroup;
			children = (
				FA8314D92651E0E6005005B5 /* Poppins-ExtraLight.ttf */,
				FA8314DA2651E0E6005005B5 /* Poppins-ThinItalic.ttf */,
				FA8314DB2651E0E6005005B5 /* Poppins-ExtraLightItalic.ttf */,
				FA8314DC2651E0E6005005B5 /* Poppins-BoldItalic.ttf */,
				FA8314DD2651E0E6005005B5 /* Poppins-Light.ttf */,
				FA8314DE2651E0E6005005B5 /* Poppins-Medium.ttf */,
				FA8314DF2651E0E6005005B5 /* Poppins-SemiBoldItalic.ttf */,
				FA8314E02651E0E6005005B5 /* Poppins-ExtraBoldItalic.ttf */,
				FA8314E12651E0E6005005B5 /* Poppins-ExtraBold.ttf */,
				FA8314E22651E0E6005005B5 /* Poppins-BlackItalic.ttf */,
				FA8314E32651E0E6005005B5 /* OFL.txt */,
				FA8314E42651E0E6005005B5 /* Poppins-Regular.ttf */,
				FA8314E52651E0E6005005B5 /* Poppins-LightItalic.ttf */,
				FA8314E62651E0E6005005B5 /* Poppins-Bold.ttf */,
				FA8314E72651E0E6005005B5 /* Poppins-Black.ttf */,
				FA8314E82651E0E6005005B5 /* Poppins-Thin.ttf */,
				FA8314E92651E0E6005005B5 /* Poppins-SemiBold.ttf */,
				FA8314EA2651E0E6005005B5 /* Poppins-Italic.ttf */,
				FA8314EB2651E0E6005005B5 /* Poppins-MediumItalic.ttf */,
			);
			name = Fonts;
			path = ../../../../Downloads/Fonts;
			sourceTree = "<group>";
		};
		FAB2D41A264FA3B800ADD322 /* Usage */ = {
			isa = PBXGroup;
			children = (
				FAB2D41B264FA3E200ADD322 /* TableViewCell.swift */,
				FAB2D41C264FA3E200ADD322 /* TableViewCell.xib */,
			);
			path = Usage;
			sourceTree = "<group>";
		};
		FAB2D420264FAF5C00ADD322 /* Model */ = {
			isa = PBXGroup;
			children = (
				FAB2D421264FAF8200ADD322 /* Usage.swift */,
				FA1A821A26500C4E003B89AB /* Wish.swift */,
				FA430E7026517F8B0084000F /* Profile.swift */,
			);
			path = Model;
			sourceTree = "<group>";
		};
		FAD2F53D264D8DF6008BABF6 = {
			isa = PBXGroup;
			children = (
				FAD2F548264D8DF6008BABF6 /* MyMoone - Money Saver */,
				FAD2F547264D8DF6008BABF6 /* Products */,
			);
			sourceTree = "<group>";
		};
		FAD2F547264D8DF6008BABF6 /* Products */ = {
			isa = PBXGroup;
			children = (
				FAD2F546264D8DF6008BABF6 /* MyMoone - Money Saver.app */,
			);
			name = Products;
			sourceTree = "<group>";
		};
		FAD2F548264D8DF6008BABF6 /* MyMoone - Money Saver */ = {
			isa = PBXGroup;
			children = (
				FA8314D82651E0E6005005B5 /* Fonts */,
				FA430E692650ECE50084000F /* Utils */,
				FAB2D420264FAF5C00ADD322 /* Model */,
				FAEA0C09264EB5F600F2C775 /* Component */,
				FAEA0C02264EA01F00F2C775 /* UI */,
				FAD2F55E264D8EB0008BABF6 /* Tabs */,
				FAD2F549264D8DF6008BABF6 /* AppDelegate.swift */,
				FAD2F54B264D8DF6008BABF6 /* SceneDelegate.swift */,
				FAD2F54D264D8DF6008BABF6 /* ViewController.swift */,
				FAD2F54F264D8DF6008BABF6 /* Main.storyboard */,
				FAD2F552264D8DF7008BABF6 /* Assets.xcassets */,
				FAD2F554264D8DF7008BABF6 /* LaunchScreen.storyboard */,
				FAD2F557264D8DF7008BABF6 /* Info.plist */,
			);
			path = "MyMoone - Money Saver";
			sourceTree = "<group>";
		};
		FAD2F55E264D8EB0008BABF6 /* Tabs */ = {
			isa = PBXGroup;
			children = (
				FAD2F574264D9119008BABF6 /* Profile */,
				FAD2F573264D9106008BABF6 /* Favorite */,
				FAD2F56C264D9050008BABF6 /* Home */,
				FAD2F566264D8F84008BABF6 /* MainTabViewController.swift */,
				FAD2F567264D8F84008BABF6 /* MainTabViewController.xib */,
			);
			path = Tabs;
			sourceTree = "<group>";
		};
		FAD2F56C264D9050008BABF6 /* Home */ = {
			isa = PBXGroup;
			children = (
				FAD2F56D264D9071008BABF6 /* HomeViewController.swift */,
				FAD2F56E264D9071008BABF6 /* HomeViewController.xib */,
			);
			path = Home;
			sourceTree = "<group>";
		};
		FAD2F573264D9106008BABF6 /* Favorite */ = {
			isa = PBXGroup;
			children = (
				FAD2F57E264D9169008BABF6 /* DreamsViewController.swift */,
				FAD2F57F264D9169008BABF6 /* DreamsViewController.xib */,
			);
			path = Favorite;
			sourceTree = "<group>";
		};
		FAD2F574264D9119008BABF6 /* Profile */ = {
			isa = PBXGroup;
			children = (
				FAD2F579264D9154008BABF6 /* ProfileViewController.swift */,
				FAD2F57A264D9154008BABF6 /* ProfileViewController.xib */,
			);
			path = Profile;
			sourceTree = "<group>";
		};
		FAEA0C02264EA01F00F2C775 /* UI */ = {
			isa = PBXGroup;
			children = (
				FA7320752652132E00577013 /* EditUsage */,
				FA430E73265183400084000F /* Profile */,
				FA430E632650E1300084000F /* Wish */,
				FA430E5D2650D36C0084000F /* DetailWish */,
				FA1A821D26502CDA003B89AB /* DetailUsage */,
				FAEA0C03264EA05900F2C775 /* Usage */,
			);
			path = UI;
			sourceTree = "<group>";
		};
		FAEA0C03264EA05900F2C775 /* Usage */ = {
			isa = PBXGroup;
			children = (
				FAEA0C04264EA0D500F2C775 /* TaskViewController.swift */,
				FAEA0C05264EA0D500F2C775 /* TaskViewController.xib */,
			);
			path = Usage;
			sourceTree = "<group>";
		};
		FAEA0C09264EB5F600F2C775 /* Component */ = {
			isa = PBXGroup;
			children = (
				FA1A821326500633003B89AB /* Wish */,
				FAB2D41A264FA3B800ADD322 /* Usage */,
			);
			path = Component;
			sourceTree = "<group>";
		};
/* End PBXGroup section */

/* Begin PBXNativeTarget section */
		FAD2F545264D8DF6008BABF6 /* MyMoone - Money Saver */ = {
			isa = PBXNativeTarget;
			buildConfigurationList = FAD2F55A264D8DF7008BABF6 /* Build configuration list for PBXNativeTarget "MyMoone - Money Saver" */;
			buildPhases = (
				FAD2F542264D8DF6008BABF6 /* Sources */,
				FAD2F543264D8DF6008BABF6 /* Frameworks */,
				FAD2F544264D8DF6008BABF6 /* Resources */,
			);
			buildRules = (
			);
			dependencies = (
			);
			name = "MyMoone - Money Saver";
			productName = "MyMoone - Money Saver";
			productReference = FAD2F546264D8DF6008BABF6 /* MyMoone - Money Saver.app */;
			productType = "com.apple.product-type.application";
		};
/* End PBXNativeTarget section */

/* Begin PBXProject section */
		FAD2F53E264D8DF6008BABF6 /* Project object */ = {
			isa = PBXProject;
			attributes = {
				LastSwiftUpdateCheck = 1240;
				LastUpgradeCheck = 1240;
				TargetAttributes = {
					FAD2F545264D8DF6008BABF6 = {
						CreatedOnToolsVersion = 12.4;
					};
				};
			};
			buildConfigurationList = FAD2F541264D8DF6008BABF6 /* Build configuration list for PBXProject "MyMoone - Money Saver" */;
			compatibilityVersion = "Xcode 9.3";
			developmentRegion = en;
			hasScannedForEncodings = 0;
			knownRegions = (
				en,
				Base,
			);
			mainGroup = FAD2F53D264D8DF6008BABF6;
			productRefGroup = FAD2F547264D8DF6008BABF6 /* Products */;
			projectDirPath = "";
			projectRoot = "";
			targets = (
				FAD2F545264D8DF6008BABF6 /* MyMoone - Money Saver */,
			);
		};
/* End PBXProject section */

/* Begin PBXResourcesBuildPhase section */
		FAD2F544264D8DF6008BABF6 /* Resources */ = {
			isa = PBXResourcesBuildPhase;
			buildActionMask = 2147483647;
			files = (
				FA8314EC2651E0E6005005B5 /* Poppins-ExtraLight.ttf in Resources */,
				FA8314FE2651E0E6005005B5 /* Poppins-MediumItalic.ttf in Resources */,
				FA8314ED2651E0E6005005B5 /* Poppins-ThinItalic.ttf in Resources */,
				FAD2F581264D9169008BABF6 /* DreamsViewController.xib in Resources */,
				FAEA0C07264EA0D500F2C775 /* TaskViewController.xib in Resources */,
				FA8314F52651E0E6005005B5 /* Poppins-BlackItalic.ttf in Resources */,
				FA8314EE2651E0E6005005B5 /* Poppins-ExtraLightItalic.ttf in Resources */,
				FAD2F57C264D9154008BABF6 /* ProfileViewController.xib in Resources */,
				FA8314F32651E0E6005005B5 /* Poppins-ExtraBoldItalic.ttf in Resources */,
				FA430E7E26519BA60084000F /* NameViewController.xib in Resources */,
				FA8314FB2651E0E6005005B5 /* Poppins-Thin.ttf in Resources */,
				FAD2F556264D8DF7008BABF6 /* LaunchScreen.storyboard in Resources */,
				FA1A822226502D3C003B89AB /* DetailUSageViewController.xib in Resources */,
				FA8314F12651E0E6005005B5 /* Poppins-Medium.ttf in Resources */,
				FA8314EF2651E0E6005005B5 /* Poppins-BoldItalic.ttf in Resources */,
				FA8314F02651E0E6005005B5 /* Poppins-Light.ttf in Resources */,
				FA1A821826500665003B89AB /* WishTableViewCell.xib in Resources */,
				FA8314F72651E0E6005005B5 /* Poppins-Regular.ttf in Resources */,
				FA8314FA2651E0E6005005B5 /* Poppins-Black.ttf in Resources */,
				FA8314F62651E0E6005005B5 /* OFL.txt in Resources */,
				FAB2D41E264FA3E200ADD322 /* TableViewCell.xib in Resources */,
				FAD2F569264D8F84008BABF6 /* MainTabViewController.xib in Resources */,
				FA7320792652135600577013 /* EditUsageViewController.xib in Resources */,
				FAD2F570264D9071008BABF6 /* HomeViewController.xib in Resources */,
				FA430E672650E14A0084000F /* WishViewController.xib in Resources */,
				FA8314F22651E0E6005005B5 /* Poppins-SemiBoldItalic.ttf in Resources */,
				FAD2F553264D8DF7008BABF6 /* Assets.xcassets in Resources */,
				FA8314FC2651E0E6005005B5 /* Poppins-SemiBold.ttf in Resources */,
				FA8314FD2651E0E6005005B5 /* Poppins-Italic.ttf in Resources */,
				FA8314F92651E0E6005005B5 /* Poppins-Bold.ttf in Resources */,
				FA430E612650D3890084000F /* DetailWishViewController.xib in Resources */,
				FAD2F551264D8DF6008BABF6 /* Main.storyboard in Resources */,
				FA8314F82651E0E6005005B5 /* Poppins-LightItalic.ttf in Resources */,
				FA8314F42651E0E6005005B5 /* Poppins-ExtraBold.ttf in Resources */,
			);
			runOnlyForDeploymentPostprocessing = 0;
		};
/* End PBXResourcesBuildPhase section */

/* Begin PBXSourcesBuildPhase section */
		FAD2F542264D8DF6008BABF6 /* Sources */ = {
			isa = PBXSourcesBuildPhase;
			buildActionMask = 2147483647;
			files = (
				FA430E7D26519BA60084000F /* NameViewController.swift in Sources */,
				FA430E602650D3890084000F /* DetailWishViewController.swift in Sources */,
				FA430E6E265163E40084000F /* UsageState.swift in Sources */,
				FAD2F57B264D9154008BABF6 /* ProfileViewController.swift in Sources */,
				FAB2D422264FAF8200ADD322 /* Usage.swift in Sources */,
				FA1A821726500665003B89AB /* WishTableViewCell.swift in Sources */,
				FAD2F580264D9169008BABF6 /* DreamsViewController.swift in Sources */,
				FA1A821B26500C4E003B89AB /* Wish.swift in Sources */,
				FA430E7126517F8B0084000F /* Profile.swift in Sources */,
				FA430E6B2650ECFE0084000F /* WishUtils.swift in Sources */,
				FA7320782652135600577013 /* EditUsageViewController.swift in Sources */,
				FAD2F56F264D9071008BABF6 /* HomeViewController.swift in Sources */,
				FAB2D41D264FA3E200ADD322 /* TableViewCell.swift in Sources */,
				FA430E662650E14A0084000F /* WishViewController.swift in Sources */,
				FAD2F54E264D8DF6008BABF6 /* ViewController.swift in Sources */,
				FAD2F568264D8F84008BABF6 /* MainTabViewController.swift in Sources */,
				FAEA0C06264EA0D500F2C775 /* TaskViewController.swift in Sources */,
				FA1A822126502D3C003B89AB /* DetailUSageViewController.swift in Sources */,
				FAD2F54A264D8DF6008BABF6 /* AppDelegate.swift in Sources */,
				FAD2F54C264D8DF6008BABF6 /* SceneDelegate.swift in Sources */,
			);
			runOnlyForDeploymentPostprocessing = 0;
		};
/* End PBXSourcesBuildPhase section */

/* Begin PBXVariantGroup section */
		FAD2F54F264D8DF6008BABF6 /* Main.storyboard */ = {
			isa = PBXVariantGroup;
			children = (
				FAD2F550264D8DF6008BABF6 /* Base */,
			);
			name = Main.storyboard;
			sourceTree = "<group>";
		};
		FAD2F554264D8DF7008BABF6 /* LaunchScreen.storyboard */ = {
			isa = PBXVariantGroup;
			children = (
				FAD2F555264D8DF7008BABF6 /* Base */,
			);
			name = LaunchScreen.storyboard;
			sourceTree = "<group>";
		};
/* End PBXVariantGroup section */

/* Begin XCBuildConfiguration section */
		FAD2F558264D8DF7008BABF6 /* Debug */ = {
			isa = XCBuildConfiguration;
			buildSettings = {
				ALWAYS_SEARCH_USER_PATHS = NO;
				CLANG_ANALYZER_NONNULL = YES;
				CLANG_ANALYZER_NUMBER_OBJECT_CONVERSION = YES_AGGRESSIVE;
				CLANG_CXX_LANGUAGE_STANDARD = "gnu++14";
				CLANG_CXX_LIBRARY = "libc++";
				CLANG_ENABLE_MODULES = YES;
				CLANG_ENABLE_OBJC_ARC = YES;
				CLANG_ENABLE_OBJC_WEAK = YES;
				CLANG_WARN_BLOCK_CAPTURE_AUTORELEASING = YES;
				CLANG_WARN_BOOL_CONVERSION = YES;
				CLANG_WARN_COMMA = YES;
				CLANG_WARN_CONSTANT_CONVERSION = YES;
				CLANG_WARN_DEPRECATED_OBJC_IMPLEMENTATIONS = YES;
				CLANG_WARN_DIRECT_OBJC_ISA_USAGE = YES_ERROR;
				CLANG_WARN_DOCUMENTATION_COMMENTS = YES;
				CLANG_WARN_EMPTY_BODY = YES;
				CLANG_WARN_ENUM_CONVERSION = YES;
				CLANG_WARN_INFINITE_RECURSION = YES;
				CLANG_WARN_INT_CONVERSION = YES;
				CLANG_WARN_NON_LITERAL_NULL_CONVERSION = YES;
				CLANG_WARN_OBJC_IMPLICIT_RETAIN_SELF = YES;
				CLANG_WARN_OBJC_LITERAL_CONVERSION = YES;
				CLANG_WARN_OBJC_ROOT_CLASS = YES_ERROR;
				CLANG_WARN_QUOTED_INCLUDE_IN_FRAMEWORK_HEADER = YES;
				CLANG_WARN_RANGE_LOOP_ANALYSIS = YES;
				CLANG_WARN_STRICT_PROTOTYPES = YES;
				CLANG_WARN_SUSPICIOUS_MOVE = YES;
				CLANG_WARN_UNGUARDED_AVAILABILITY = YES_AGGRESSIVE;
				CLANG_WARN_UNREACHABLE_CODE = YES;
				CLANG_WARN__DUPLICATE_METHOD_MATCH = YES;
				COPY_PHASE_STRIP = NO;
				DEBUG_INFORMATION_FORMAT = dwarf;
				ENABLE_STRICT_OBJC_MSGSEND = YES;
				ENABLE_TESTABILITY = YES;
				GCC_C_LANGUAGE_STANDARD = gnu11;
				GCC_DYNAMIC_NO_PIC = NO;
				GCC_NO_COMMON_BLOCKS = YES;
				GCC_OPTIMIZATION_LEVEL = 0;
				GCC_PREPROCESSOR_DEFINITIONS = (
					"DEBUG=1",
					"$(inherited)",
				);
				GCC_WARN_64_TO_32_BIT_CONVERSION = YES;
				GCC_WARN_ABOUT_RETURN_TYPE = YES_ERROR;
				GCC_WARN_UNDECLARED_SELECTOR = YES;
				GCC_WARN_UNINITIALIZED_AUTOS = YES_AGGRESSIVE;
				GCC_WARN_UNUSED_FUNCTION = YES;
				GCC_WARN_UNUSED_VARIABLE = YES;
				IPHONEOS_DEPLOYMENT_TARGET = 14.4;
				MTL_ENABLE_DEBUG_INFO = INCLUDE_SOURCE;
				MTL_FAST_MATH = YES;
				ONLY_ACTIVE_ARCH = YES;
				SDKROOT = iphoneos;
				SWIFT_ACTIVE_COMPILATION_CONDITIONS = DEBUG;
				SWIFT_OPTIMIZATION_LEVEL = "-Onone";
			};
			name = Debug;
		};
		FAD2F559264D8DF7008BABF6 /* Release */ = {
			isa = XCBuildConfiguration;
			buildSettings = {
				ALWAYS_SEARCH_USER_PATHS = NO;
				CLANG_ANALYZER_NONNULL = YES;
				CLANG_ANALYZER_NUMBER_OBJECT_CONVERSION = YES_AGGRESSIVE;
				CLANG_CXX_LANGUAGE_STANDARD = "gnu++14";
				CLANG_CXX_LIBRARY = "libc++";
				CLANG_ENABLE_MODULES = YES;
				CLANG_ENABLE_OBJC_ARC = YES;
				CLANG_ENABLE_OBJC_WEAK = YES;
				CLANG_WARN_BLOCK_CAPTURE_AUTORELEASING = YES;
				CLANG_WARN_BOOL_CONVERSION = YES;
				CLANG_WARN_COMMA = YES;
				CLANG_WARN_CONSTANT_CONVERSION = YES;
				CLANG_WARN_DEPRECATED_OBJC_IMPLEMENTATIONS = YES;
				CLANG_WARN_DIRECT_OBJC_ISA_USAGE = YES_ERROR;
				CLANG_WARN_DOCUMENTATION_COMMENTS = YES;
				CLANG_WARN_EMPTY_BODY = YES;
				CLANG_WARN_ENUM_CONVERSION = YES;
				CLANG_WARN_INFINITE_RECURSION = YES;
				CLANG_WARN_INT_CONVERSION = YES;
				CLANG_WARN_NON_LITERAL_NULL_CONVERSION = YES;
				CLANG_WARN_OBJC_IMPLICIT_RETAIN_SELF = YES;
				CLANG_WARN_OBJC_LITERAL_CONVERSION = YES;
				CLANG_WARN_OBJC_ROOT_CLASS = YES_ERROR;
				CLANG_WARN_QUOTED_INCLUDE_IN_FRAMEWORK_HEADER = YES;
				CLANG_WARN_RANGE_LOOP_ANALYSIS = YES;
				CLANG_WARN_STRICT_PROTOTYPES = YES;
				CLANG_WARN_SUSPICIOUS_MOVE = YES;
				CLANG_WARN_UNGUARDED_AVAILABILITY = YES_AGGRESSIVE;
				CLANG_WARN_UNREACHABLE_CODE = YES;
				CLANG_WARN__DUPLICATE_METHOD_MATCH = YES;
				COPY_PHASE_STRIP = NO;
				DEBUG_INFORMATION_FORMAT = "dwarf-with-dsym";
				ENABLE_NS_ASSERTIONS = NO;
				ENABLE_STRICT_OBJC_MSGSEND = YES;
				GCC_C_LANGUAGE_STANDARD = gnu11;
				GCC_NO_COMMON_BLOCKS = YES;
				GCC_WARN_64_TO_32_BIT_CONVERSION = YES;
				GCC_WARN_ABOUT_RETURN_TYPE = YES_ERROR;
				GCC_WARN_UNDECLARED_SELECTOR = YES;
				GCC_WARN_UNINITIALIZED_AUTOS = YES_AGGRESSIVE;
				GCC_WARN_UNUSED_FUNCTION = YES;
				GCC_WARN_UNUSED_VARIABLE = YES;
				IPHONEOS_DEPLOYMENT_TARGET = 14.4;
				MTL_ENABLE_DEBUG_INFO = NO;
				MTL_FAST_MATH = YES;
				SDKROOT = iphoneos;
				SWIFT_COMPILATION_MODE = wholemodule;
				SWIFT_OPTIMIZATION_LEVEL = "-O";
				VALIDATE_PRODUCT = YES;
			};
			name = Release;
		};
		FAD2F55B264D8DF7008BABF6 /* Debug */ = {
			isa = XCBuildConfiguration;
			buildSettings = {
				ASSETCATALOG_COMPILER_APPICON_NAME = AppIcon;
				ASSETCATALOG_COMPILER_GLOBAL_ACCENT_COLOR_NAME = AccentColor;
				CODE_SIGN_STYLE = Automatic;
				DEVELOPMENT_TEAM = 28NN36KCKR;
				INFOPLIST_FILE = "MyMoone - Money Saver/Info.plist";
				LD_RUNPATH_SEARCH_PATHS = (
					"$(inherited)",
					"@executable_path/Frameworks",
				);
				PRODUCT_BUNDLE_IDENTIFIER = com.grevi.msx.MyMooneMoneySaver;
				PRODUCT_NAME = "$(TARGET_NAME)";
				SWIFT_VERSION = 5.0;
				TARGETED_DEVICE_FAMILY = "1,2";
			};
			name = Debug;
		};
		FAD2F55C264D8DF7008BABF6 /* Release */ = {
			isa = XCBuildConfiguration;
			buildSettings = {
				ASSETCATALOG_COMPILER_APPICON_NAME = AppIcon;
				ASSETCATALOG_COMPILER_GLOBAL_ACCENT_COLOR_NAME = AccentColor;
				CODE_SIGN_STYLE = Automatic;
				DEVELOPMENT_TEAM = 28NN36KCKR;
				INFOPLIST_FILE = "MyMoone - Money Saver/Info.plist";
				LD_RUNPATH_SEARCH_PATHS = (
					"$(inherited)",
					"@executable_path/Frameworks",
				);
				PRODUCT_BUNDLE_IDENTIFIER = com.grevi.msx.MyMooneMoneySaver;
				PRODUCT_NAME = "$(TARGET_NAME)";
				SWIFT_VERSION = 5.0;
				TARGETED_DEVICE_FAMILY = "1,2";
			};
			name = Release;
		};
/* End XCBuildConfiguration section */

/* Begin XCConfigurationList section */
		FAD2F541264D8DF6008BABF6 /* Build configuration list for PBXProject "MyMoone - Money Saver" */ = {
			isa = XCConfigurationList;
			buildConfigurations = (
				FAD2F558264D8DF7008BABF6 /* Debug */,
				FAD2F559264D8DF7008BABF6 /* Release */,
			);
			defaultConfigurationIsVisible = 0;
			defaultConfigurationName = Release;
		};
		FAD2F55A264D8DF7008BABF6 /* Build configuration list for PBXNativeTarget "MyMoone - Money Saver" */ = {
			isa = XCConfigurationList;
			buildConfigurations = (
				FAD2F55B264D8DF7008BABF6 /* Debug */,
				FAD2F55C264D8DF7008BABF6 /* Release */,
			);
			defaultConfigurationIsVisible = 0;
			defaultConfigurationName = Release;
		};
/* End XCConfigurationList section */
	};
	rootObject = FAD2F53E264D8DF6008BABF6 /* Project object */;
}
